
Microsoft Visual Studio Solution File, Format Version 12.00
# Visual Studio 15
VisualStudioVersion = 15.0.28307.168
MinimumVisualStudioVersion = 10.0.40219.1
Project("{FAE04EC0-301F-11D3-BF4B-00C04F79EFBC}") = "PerformersGallery", "PerformersGallery\PerformersGallery.csproj", "{6F049616-CAB7-4431-9296-A87E824EE51E}"
EndProject
Global
	GlobalSection(SolutionConfigurationPlatforms) = preSolution
		Debug|Any CPU = Debug|Any CPU
		Release|Any CPU = Release|Any CPU
	EndGlobalSection
	GlobalSection(ProjectConfigurationPlatforms) = postSolution
		{6F049616-CAB7-4431-9296-A87E824EE51E}.Debug|Any CPU.ActiveCfg = Debug|Any CPU
		{6F049616-CAB7-4431-9296-A87E824EE51E}.Debug|Any CPU.Build.0 = Debug|Any CPU
		{6F049616-CAB7-4431-9296-A87E824EE51E}.Release|Any CPU.ActiveCfg = Release|Any CPU
		{6F049616-CAB7-4431-9296-A87E824EE51E}.Release|Any CPU.Build.0 = Release|Any CPU
	EndGlobalSection
	GlobalSection(SolutionProperties) = preSolution
		HideSolutionNode = FALSE
	EndGlobalSection
	GlobalSection(ExtensibilityGlobals) = postSolution
		SolutionGuid = {DFFB63AE-D516-4597-A09B-A7A610D5E1B9}
	EndGlobalSection
EndGlobal
